// !$*UTF8*$!
{
	archiveVersion = 1;
	classes = {
	};
	objectVersion = 46;
	objects = {

/* Begin PBXBuildFile section */
		2A10B92E1D7B1186000F1178 /* MainViewController.swift in Sources */ = {isa = PBXBuildFile; fileRef = 2A10B92D1D7B1186000F1178 /* MainViewController.swift */; };
		2A10B9301D7B12FB000F1178 /* CircledBorderButton.swift in Sources */ = {isa = PBXBuildFile; fileRef = 2A10B92F1D7B12FB000F1178 /* CircledBorderButton.swift */; };
		2A10B9321D7B14B9000F1178 /* SimpleValidationViewController.swift in Sources */ = {isa = PBXBuildFile; fileRef = 2A10B9311D7B14B9000F1178 /* SimpleValidationViewController.swift */; };
		2A10B9341D7B1CDC000F1178 /* Alert.swift in Sources */ = {isa = PBXBuildFile; fileRef = 2A10B9331D7B1CDC000F1178 /* Alert.swift */; };
		2A10B93B1D7B21B5000F1178 /* LocationManager.swift in Sources */ = {isa = PBXBuildFile; fileRef = 2A10B93A1D7B21B5000F1178 /* LocationManager.swift */; };
		2A10B93D1D7B26FA000F1178 /* LocationViewController.swift in Sources */ = {isa = PBXBuildFile; fileRef = 2A10B93C1D7B26FA000F1178 /* LocationViewController.swift */; };
		2A10B9401D7C5044000F1178 /* RxTableViewController.swift in Sources */ = {isa = PBXBuildFile; fileRef = 2A10B93F1D7C5044000F1178 /* RxTableViewController.swift */; };
		2A10B9421D7C5309000F1178 /* CircledImageView.swift in Sources */ = {isa = PBXBuildFile; fileRef = 2A10B9411D7C5309000F1178 /* CircledImageView.swift */; };
		2A10B9441D7C53B5000F1178 /* TimelineTableViewCell.swift in Sources */ = {isa = PBXBuildFile; fileRef = 2A10B9431D7C53B5000F1178 /* TimelineTableViewCell.swift */; };
		2A10B9461D7C53CD000F1178 /* TimelineViewModel.swift in Sources */ = {isa = PBXBuildFile; fileRef = 2A10B9451D7C53CD000F1178 /* TimelineViewModel.swift */; };
		2A10B94A1D7C5463000F1178 /* Timeline.swift in Sources */ = {isa = PBXBuildFile; fileRef = 2A10B9491D7C5463000F1178 /* Timeline.swift */; };
		2A10B94D1D7C623A000F1178 /* RxCollectionViewController.swift in Sources */ = {isa = PBXBuildFile; fileRef = 2A10B94C1D7C623A000F1178 /* RxCollectionViewController.swift */; };
		2A10B94F1D7C63A0000F1178 /* TimelineCollectionViewCell.swift in Sources */ = {isa = PBXBuildFile; fileRef = 2A10B94E1D7C63A0000F1178 /* TimelineCollectionViewCell.swift */; };
		2A9082F81CC7D38E0025B9CD /* AppDelegate.swift in Sources */ = {isa = PBXBuildFile; fileRef = 2A9082F71CC7D38E0025B9CD /* AppDelegate.swift */; };
		2A9082FD1CC7D38E0025B9CD /* Main.storyboard in Resources */ = {isa = PBXBuildFile; fileRef = 2A9082FB1CC7D38E0025B9CD /* Main.storyboard */; };
		2A9082FF1CC7D38E0025B9CD /* Assets.xcassets in Resources */ = {isa = PBXBuildFile; fileRef = 2A9082FE1CC7D38E0025B9CD /* Assets.xcassets */; };
		2A9083021CC7D38E0025B9CD /* LaunchScreen.storyboard in Resources */ = {isa = PBXBuildFile; fileRef = 2A9083001CC7D38E0025B9CD /* LaunchScreen.storyboard */; };
		2A9083261CCA50860025B9CD /* RxCocoa.framework in Frameworks */ = {isa = PBXBuildFile; fileRef = 2A9083251CCA50860025B9CD /* RxCocoa.framework */; };
		2A9083271CCA50860025B9CD /* RxCocoa.framework in Embed Frameworks */ = {isa = PBXBuildFile; fileRef = 2A9083251CCA50860025B9CD /* RxCocoa.framework */; settings = {ATTRIBUTES = (CodeSignOnCopy, RemoveHeadersOnCopy, ); }; };
		2A90832A1CCA50A40025B9CD /* RxSwift.framework in Frameworks */ = {isa = PBXBuildFile; fileRef = 2A9083291CCA50A40025B9CD /* RxSwift.framework */; };
		2A90832B1CCA50A40025B9CD /* RxSwift.framework in Embed Frameworks */ = {isa = PBXBuildFile; fileRef = 2A9083291CCA50A40025B9CD /* RxSwift.framework */; settings = {ATTRIBUTES = (CodeSignOnCopy, RemoveHeadersOnCopy, ); }; };
		AE5AEB721DF2F65700E96BC1 /* Extension+CLLocationManager.swift in Sources */ = {isa = PBXBuildFile; fileRef = AE5AEB711DF2F65700E96BC1 /* Extension+CLLocationManager.swift */; };
		AE5AEB741DF2F6CA00E96BC1 /* RxCLLocationManagerDelegateProxy.swift in Sources */ = {isa = PBXBuildFile; fileRef = AE5AEB731DF2F6CA00E96BC1 /* RxCLLocationManagerDelegateProxy.swift */; };
/* End PBXBuildFile section */

/* Begin PBXCopyFilesBuildPhase section */
		2A9083281CCA50860025B9CD /* Embed Frameworks */ = {
			isa = PBXCopyFilesBuildPhase;
			buildActionMask = 2147483647;
			dstPath = "";
			dstSubfolderSpec = 10;
			files = (
				2A90832B1CCA50A40025B9CD /* RxSwift.framework in Embed Frameworks */,
				2A9083271CCA50860025B9CD /* RxCocoa.framework in Embed Frameworks */,
			);
			name = "Embed Frameworks";
			runOnlyForDeploymentPostprocessing = 0;
		};
/* End PBXCopyFilesBuildPhase section */

/* Begin PBXFileReference section */
		2A10B92D1D7B1186000F1178 /* MainViewController.swift */ = {isa = PBXFileReference; fileEncoding = 4; lastKnownFileType = sourcecode.swift; path = MainViewController.swift; sourceTree = "<group>"; };
		2A10B92F1D7B12FB000F1178 /* CircledBorderButton.swift */ = {isa = PBXFileReference; fileEncoding = 4; lastKnownFileType = sourcecode.swift; path = CircledBorderButton.swift; sourceTree = "<group>"; };
		2A10B9311D7B14B9000F1178 /* SimpleValidationViewController.swift */ = {isa = PBXFileReference; fileEncoding = 4; lastKnownFileType = sourcecode.swift; path = SimpleValidationViewController.swift; sourceTree = "<group>"; };
		2A10B9331D7B1CDC000F1178 /* Alert.swift */ = {isa = PBXFileReference; fileEncoding = 4; lastKnownFileType = sourcecode.swift; path = Alert.swift; sourceTree = "<group>"; };
		2A10B93A1D7B21B5000F1178 /* LocationManager.swift */ = {isa = PBXFileReference; fileEncoding = 4; lastKnownFileType = sourcecode.swift; path = LocationManager.swift; sourceTree = "<group>"; };
		2A10B93C1D7B26FA000F1178 /* LocationViewController.swift */ = {isa = PBXFileReference; fileEncoding = 4; lastKnownFileType = sourcecode.swift; path = LocationViewController.swift; sourceTree = "<group>"; };
		2A10B93F1D7C5044000F1178 /* RxTableViewController.swift */ = {isa = PBXFileReference; fileEncoding = 4; lastKnownFileType = sourcecode.swift; path = RxTableViewController.swift; sourceTree = "<group>"; };
		2A10B9411D7C5309000F1178 /* CircledImageView.swift */ = {isa = PBXFileReference; fileEncoding = 4; lastKnownFileType = sourcecode.swift; path = CircledImageView.swift; sourceTree = "<group>"; };
		2A10B9431D7C53B5000F1178 /* TimelineTableViewCell.swift */ = {isa = PBXFileReference; fileEncoding = 4; lastKnownFileType = sourcecode.swift; path = TimelineTableViewCell.swift; sourceTree = "<group>"; };
		2A10B9451D7C53CD000F1178 /* TimelineViewModel.swift */ = {isa = PBXFileReference; fileEncoding = 4; lastKnownFileType = sourcecode.swift; path = TimelineViewModel.swift; sourceTree = "<group>"; };
		2A10B9491D7C5463000F1178 /* Timeline.swift */ = {isa = PBXFileReference; fileEncoding = 4; lastKnownFileType = sourcecode.swift; path = Timeline.swift; sourceTree = "<group>"; };
		2A10B94C1D7C623A000F1178 /* RxCollectionViewController.swift */ = {isa = PBXFileReference; fileEncoding = 4; lastKnownFileType = sourcecode.swift; path = RxCollectionViewController.swift; sourceTree = "<group>"; };
		2A10B94E1D7C63A0000F1178 /* TimelineCollectionViewCell.swift */ = {isa = PBXFileReference; fileEncoding = 4; lastKnownFileType = sourcecode.swift; path = TimelineCollectionViewCell.swift; sourceTree = "<group>"; };
		2A9082F41CC7D38E0025B9CD /* RxOperators.app */ = {isa = PBXFileReference; explicitFileType = wrapper.application; includeInIndex = 0; path = RxOperators.app; sourceTree = BUILT_PRODUCTS_DIR; };
		2A9082F71CC7D38E0025B9CD /* AppDelegate.swift */ = {isa = PBXFileReference; lastKnownFileType = sourcecode.swift; path = AppDelegate.swift; sourceTree = "<group>"; };
		2A9082FC1CC7D38E0025B9CD /* Base */ = {isa = PBXFileReference; lastKnownFileType = file.storyboard; name = Base; path = Base.lproj/Main.storyboard; sourceTree = "<group>"; };
		2A9082FE1CC7D38E0025B9CD /* Assets.xcassets */ = {isa = PBXFileReference; lastKnownFileType = folder.assetcatalog; path = Assets.xcassets; sourceTree = "<group>"; };
		2A9083011CC7D38E0025B9CD /* Base */ = {isa = PBXFileReference; lastKnownFileType = file.storyboard; name = Base; path = Base.lproj/LaunchScreen.storyboard; sourceTree = "<group>"; };
		2A9083031CC7D38E0025B9CD /* Info.plist */ = {isa = PBXFileReference; lastKnownFileType = text.plist.xml; path = Info.plist; sourceTree = "<group>"; };
		2A90830C1CC7D38E0025B9CD /* RxOperatorsTests.swift */ = {isa = PBXFileReference; lastKnownFileType = sourcecode.swift; path = RxOperatorsTests.swift; sourceTree = "<group>"; };
		2A90830E1CC7D38E0025B9CD /* Info.plist */ = {isa = PBXFileReference; lastKnownFileType = text.plist.xml; path = Info.plist; sourceTree = "<group>"; };
		2A9083171CC7D38E0025B9CD /* RxOperatorsUITests.swift */ = {isa = PBXFileReference; lastKnownFileType = sourcecode.swift; path = RxOperatorsUITests.swift; sourceTree = "<group>"; };
		2A9083191CC7D38E0025B9CD /* Info.plist */ = {isa = PBXFileReference; lastKnownFileType = text.plist.xml; path = Info.plist; sourceTree = "<group>"; };
		2A9083251CCA50860025B9CD /* RxCocoa.framework */ = {isa = PBXFileReference; lastKnownFileType = wrapper.framework; name = RxCocoa.framework; path = Carthage/Build/iOS/RxCocoa.framework; sourceTree = "<group>"; };
		2A9083291CCA50A40025B9CD /* RxSwift.framework */ = {isa = PBXFileReference; lastKnownFileType = wrapper.framework; name = RxSwift.framework; path = Carthage/Build/iOS/RxSwift.framework; sourceTree = "<group>"; };
		AE5AEB711DF2F65700E96BC1 /* Extension+CLLocationManager.swift */ = {isa = PBXFileReference; fileEncoding = 4; lastKnownFileType = sourcecode.swift; path = "Extension+CLLocationManager.swift"; sourceTree = "<group>"; };
		AE5AEB731DF2F6CA00E96BC1 /* RxCLLocationManagerDelegateProxy.swift */ = {isa = PBXFileReference; fileEncoding = 4; lastKnownFileType = sourcecode.swift; path = RxCLLocationManagerDelegateProxy.swift; sourceTree = "<group>"; };
/* End PBXFileReference section */

/* Begin PBXFrameworksBuildPhase section */
		2A9082F11CC7D38E0025B9CD /* Frameworks */ = {
			isa = PBXFrameworksBuildPhase;
			buildActionMask = 2147483647;
			files = (
				2A90832A1CCA50A40025B9CD /* RxSwift.framework in Frameworks */,
				2A9083261CCA50860025B9CD /* RxCocoa.framework in Frameworks */,
			);
			runOnlyForDeploymentPostprocessing = 0;
		};
/* End PBXFrameworksBuildPhase section */

/* Begin PBXGroup section */
		2A10B9351D7B1E32000F1178 /* SimpleValidation */ = {
			isa = PBXGroup;
			children = (
				2A10B9311D7B14B9000F1178 /* SimpleValidationViewController.swift */,
			);
			name = SimpleValidation;
			sourceTree = "<group>";
		};
		2A10B9361D7B1E45000F1178 /* Common */ = {
			isa = PBXGroup;
			children = (
				2A10B92F1D7B12FB000F1178 /* CircledBorderButton.swift */,
				2A10B9411D7C5309000F1178 /* CircledImageView.swift */,
				2A10B9331D7B1CDC000F1178 /* Alert.swift */,
				AE5AEB711DF2F65700E96BC1 /* Extension+CLLocationManager.swift */,
				AE5AEB731DF2F6CA00E96BC1 /* RxCLLocationManagerDelegateProxy.swift */,
			);
			name = Common;
			sourceTree = "<group>";
		};
		2A10B93E1D7B2BCC000F1178 /* Location */ = {
			isa = PBXGroup;
			children = (
				2A10B93A1D7B21B5000F1178 /* LocationManager.swift */,
				2A10B93C1D7B26FA000F1178 /* LocationViewController.swift */,
			);
			name = Location;
			sourceTree = "<group>";
		};
		2A10B9471D7C5440000F1178 /* Binding Cells */ = {
			isa = PBXGroup;
			children = (
				2A10B93F1D7C5044000F1178 /* RxTableViewController.swift */,
				2A10B94C1D7C623A000F1178 /* RxCollectionViewController.swift */,
				2A10B94B1D7C6034000F1178 /* Model */,
				2A10B9481D7C544F000F1178 /* Views */,
			);
			name = "Binding Cells";
			sourceTree = "<group>";
		};
		2A10B9481D7C544F000F1178 /* Views */ = {
			isa = PBXGroup;
			children = (
				2A10B9431D7C53B5000F1178 /* TimelineTableViewCell.swift */,
				2A10B94E1D7C63A0000F1178 /* TimelineCollectionViewCell.swift */,
			);
			name = Views;
			sourceTree = "<group>";
		};
		2A10B94B1D7C6034000F1178 /* Model */ = {
			isa = PBXGroup;
			children = (
				2A10B9451D7C53CD000F1178 /* TimelineViewModel.swift */,
				2A10B9491D7C5463000F1178 /* Timeline.swift */,
			);
			name = Model;
			sourceTree = "<group>";
		};
		2A9082EB1CC7D38E0025B9CD = {
			isa = PBXGroup;
			children = (
				2A9082F61CC7D38E0025B9CD /* RxOperators */,
				2A90832C1CCA50D50025B9CD /* Carthage */,
				2A90830B1CC7D38E0025B9CD /* RxOperatorsTests */,
				2A9083161CC7D38E0025B9CD /* RxOperatorsUITests */,
				2A9082F51CC7D38E0025B9CD /* Products */,
			);
			sourceTree = "<group>";
		};
		2A9082F51CC7D38E0025B9CD /* Products */ = {
			isa = PBXGroup;
			children = (
				2A9082F41CC7D38E0025B9CD /* RxOperators.app */,
			);
			name = Products;
			sourceTree = "<group>";
		};
		2A9082F61CC7D38E0025B9CD /* RxOperators */ = {
			isa = PBXGroup;
			children = (
				2A9082F71CC7D38E0025B9CD /* AppDelegate.swift */,
				2A10B92D1D7B1186000F1178 /* MainViewController.swift */,
				2A10B9471D7C5440000F1178 /* Binding Cells */,
				2A10B93E1D7B2BCC000F1178 /* Location */,
				2A10B9351D7B1E32000F1178 /* SimpleValidation */,
				2A10B9361D7B1E45000F1178 /* Common */,
				2A9082FB1CC7D38E0025B9CD /* Main.storyboard */,
				2A9082FE1CC7D38E0025B9CD /* Assets.xcassets */,
				2A9083001CC7D38E0025B9CD /* LaunchScreen.storyboard */,
				2A9083031CC7D38E0025B9CD /* Info.plist */,
			);
			path = RxOperators;
			sourceTree = "<group>";
		};
		2A90830B1CC7D38E0025B9CD /* RxOperatorsTests */ = {
			isa = PBXGroup;
			children = (
				2A90830C1CC7D38E0025B9CD /* RxOperatorsTests.swift */,
				2A90830E1CC7D38E0025B9CD /* Info.plist */,
			);
			path = RxOperatorsTests;
			sourceTree = "<group>";
		};
		2A9083161CC7D38E0025B9CD /* RxOperatorsUITests */ = {
			isa = PBXGroup;
			children = (
				2A9083171CC7D38E0025B9CD /* RxOperatorsUITests.swift */,
				2A9083191CC7D38E0025B9CD /* Info.plist */,
			);
			path = RxOperatorsUITests;
			sourceTree = "<group>";
		};
		2A90832C1CCA50D50025B9CD /* Carthage */ = {
			isa = PBXGroup;
			children = (
				2A9083291CCA50A40025B9CD /* RxSwift.framework */,
				2A9083251CCA50860025B9CD /* RxCocoa.framework */,
			);
			name = Carthage;
			sourceTree = "<group>";
		};
/* End PBXGroup section */

/* Begin PBXNativeTarget section */
		2A9082F31CC7D38E0025B9CD /* RxOperators */ = {
			isa = PBXNativeTarget;
			buildConfigurationList = 2A90831C1CC7D38E0025B9CD /* Build configuration list for PBXNativeTarget "RxOperators" */;
			buildPhases = (
				2A9082F01CC7D38E0025B9CD /* Sources */,
				2A9082F11CC7D38E0025B9CD /* Frameworks */,
				2A9082F21CC7D38E0025B9CD /* Resources */,
				2A9083281CCA50860025B9CD /* Embed Frameworks */,
			);
			buildRules = (
			);
			dependencies = (
			);
			name = RxOperators;
			productName = RxOperators;
			productReference = 2A9082F41CC7D38E0025B9CD /* RxOperators.app */;
			productType = "com.apple.product-type.application";
		};
/* End PBXNativeTarget section */

/* Begin PBXProject section */
		2A9082EC1CC7D38E0025B9CD /* Project object */ = {
			isa = PBXProject;
			attributes = {
				LastSwiftUpdateCheck = 0730;
				LastUpgradeCheck = 0800;
				ORGANIZATIONNAME = yuzushio;
				TargetAttributes = {
					2A9082F31CC7D38E0025B9CD = {
						CreatedOnToolsVersion = 7.3;
						LastSwiftMigration = 0810;
					};
				};
			};
			buildConfigurationList = 2A9082EF1CC7D38E0025B9CD /* Build configuration list for PBXProject "RxOperators" */;
			compatibilityVersion = "Xcode 3.2";
			developmentRegion = English;
			hasScannedForEncodings = 0;
			knownRegions = (
				en,
				Base,
			);
			mainGroup = 2A9082EB1CC7D38E0025B9CD;
			productRefGroup = 2A9082F51CC7D38E0025B9CD /* Products */;
			projectDirPath = "";
			projectRoot = "";
			targets = (
				2A9082F31CC7D38E0025B9CD /* RxOperators */,
			);
		};
/* End PBXProject section */

/* Begin PBXResourcesBuildPhase section */
		2A9082F21CC7D38E0025B9CD /* Resources */ = {
			isa = PBXResourcesBuildPhase;
			buildActionMask = 2147483647;
			files = (
				2A9083021CC7D38E0025B9CD /* LaunchScreen.storyboard in Resources */,
				2A9082FF1CC7D38E0025B9CD /* Assets.xcassets in Resources */,
				2A9082FD1CC7D38E0025B9CD /* Main.storyboard in Resources */,
			);
			runOnlyForDeploymentPostprocessing = 0;
		};
/* End PBXResourcesBuildPhase section */

/* Begin PBXSourcesBuildPhase section */
		2A9082F01CC7D38E0025B9CD /* Sources */ = {
			isa = PBXSourcesBuildPhase;
			buildActionMask = 2147483647;
			files = (
				2A10B94A1D7C5463000F1178 /* Timeline.swift in Sources */,
				2A10B9421D7C5309000F1178 /* CircledImageView.swift in Sources */,
				2A10B94F1D7C63A0000F1178 /* TimelineCollectionViewCell.swift in Sources */,
				2A10B93D1D7B26FA000F1178 /* LocationViewController.swift in Sources */,
				2A10B9441D7C53B5000F1178 /* TimelineTableViewCell.swift in Sources */,
				2A9082F81CC7D38E0025B9CD /* AppDelegate.swift in Sources */,
				2A10B9301D7B12FB000F1178 /* CircledBorderButton.swift in Sources */,
				2A10B93B1D7B21B5000F1178 /* LocationManager.swift in Sources */,
				2A10B9461D7C53CD000F1178 /* TimelineViewModel.swift in Sources */,
				2A10B92E1D7B1186000F1178 /* MainViewController.swift in Sources */,
				AE5AEB721DF2F65700E96BC1 /* Extension+CLLocationManager.swift in Sources */,
				AE5AEB741DF2F6CA00E96BC1 /* RxCLLocationManagerDelegateProxy.swift in Sources */,
				2A10B9341D7B1CDC000F1178 /* Alert.swift in Sources */,
				2A10B9321D7B14B9000F1178 /* SimpleValidationViewController.swift in Sources */,
				2A10B94D1D7C623A000F1178 /* RxCollectionViewController.swift in Sources */,
				2A10B9401D7C5044000F1178 /* RxTableViewController.swift in Sources */,
			);
			runOnlyForDeploymentPostprocessing = 0;
		};
/* End PBXSourcesBuildPhase section */

/* Begin PBXVariantGroup section */
		2A9082FB1CC7D38E0025B9CD /* Main.storyboard */ = {
			isa = PBXVariantGroup;
			children = (
				2A9082FC1CC7D38E0025B9CD /* Base */,
			);
			name = Main.storyboard;
			sourceTree = "<group>";
		};
		2A9083001CC7D38E0025B9CD /* LaunchScreen.storyboard */ = {
			isa = PBXVariantGroup;
			children = (
				2A9083011CC7D38E0025B9CD /* Base */,
			);
			name = LaunchScreen.storyboard;
			sourceTree = "<group>";
		};
/* End PBXVariantGroup section */

/* Begin XCBuildConfiguration section */
		2A90831A1CC7D38E0025B9CD /* Debug */ = {
			isa = XCBuildConfiguration;
			buildSettings = {
				ALWAYS_SEARCH_USER_PATHS = NO;
				CLANG_ANALYZER_NONNULL = YES;
				CLANG_CXX_LANGUAGE_STANDARD = "gnu++0x";
				CLANG_CXX_LIBRARY = "libc++";
				CLANG_ENABLE_MODULES = YES;
				CLANG_ENABLE_OBJC_ARC = YES;
				CLANG_WARN_BOOL_CONVERSION = YES;
				CLANG_WARN_CONSTANT_CONVERSION = YES;
				CLANG_WARN_DIRECT_OBJC_ISA_USAGE = YES_ERROR;
				CLANG_WARN_EMPTY_BODY = YES;
				CLANG_WARN_ENUM_CONVERSION = YES;
				CLANG_WARN_INFINITE_RECURSION = YES;
				CLANG_WARN_INT_CONVERSION = YES;
				CLANG_WARN_OBJC_ROOT_CLASS = YES_ERROR;
				CLANG_WARN_SUSPICIOUS_MOVE = YES;
				CLANG_WARN_UNREACHABLE_CODE = YES;
				CLANG_WARN__DUPLICATE_METHOD_MATCH = YES;
				"CODE_SIGN_IDENTITY[sdk=iphoneos*]" = "iPhone Developer";
				COPY_PHASE_STRIP = NO;
				DEBUG_INFORMATION_FORMAT = dwarf;
				ENABLE_STRICT_OBJC_MSGSEND = YES;
				ENABLE_TESTABILITY = YES;
				GCC_C_LANGUAGE_STANDARD = gnu99;
				GCC_DYNAMIC_NO_PIC = NO;
				GCC_NO_COMMON_BLOCKS = YES;
				GCC_OPTIMIZATION_LEVEL = 0;
				GCC_PREPROCESSOR_DEFINITIONS = (
					"DEBUG=1",
					"$(inherited)",
				);
				GCC_WARN_64_TO_32_BIT_CONVERSION = YES;
				GCC_WARN_ABOUT_RETURN_TYPE = YES_ERROR;
				GCC_WARN_UNDECLARED_SELECTOR = YES;
				GCC_WARN_UNINITIALIZED_AUTOS = YES_AGGRESSIVE;
				GCC_WARN_UNUSED_FUNCTION = YES;
				GCC_WARN_UNUSED_VARIABLE = YES;
				IPHONEOS_DEPLOYMENT_TARGET = 9.3;
				MTL_ENABLE_DEBUG_INFO = YES;
				ONLY_ACTIVE_ARCH = YES;
				SDKROOT = iphoneos;
				SWIFT_OPTIMIZATION_LEVEL = "-Onone";
			};
			name = Debug;
		};
		2A90831B1CC7D38E0025B9CD /* Release */ = {
			isa = XCBuildConfiguration;
			buildSettings = {
				ALWAYS_SEARCH_USER_PATHS = NO;
				CLANG_ANALYZER_NONNULL = YES;
				CLANG_CXX_LANGUAGE_STANDARD = "gnu++0x";
				CLANG_CXX_LIBRARY = "libc++";
				CLANG_ENABLE_MODULES = YES;
				CLANG_ENABLE_OBJC_ARC = YES;
				CLANG_WARN_BOOL_CONVERSION = YES;
				CLANG_WARN_CONSTANT_CONVERSION = YES;
				CLANG_WARN_DIRECT_OBJC_ISA_USAGE = YES_ERROR;
				CLANG_WARN_EMPTY_BODY = YES;
				CLANG_WARN_ENUM_CONVERSION = YES;
				CLANG_WARN_INFINITE_RECURSION = YES;
				CLANG_WARN_INT_CONVERSION = YES;
				CLANG_WARN_OBJC_ROOT_CLASS = YES_ERROR;
				CLANG_WARN_SUSPICIOUS_MOVE = YES;
				CLANG_WARN_UNREACHABLE_CODE = YES;
				CLANG_WARN__DUPLICATE_METHOD_MATCH = YES;
				"CODE_SIGN_IDENTITY[sdk=iphoneos*]" = "iPhone Developer";
				COPY_PHASE_STRIP = NO;
				DEBUG_INFORMATION_FORMAT = "dwarf-with-dsym";
				ENABLE_NS_ASSERTIONS = NO;
				ENABLE_STRICT_OBJC_MSGSEND = YES;
				GCC_C_LANGUAGE_STANDARD = gnu99;
				GCC_NO_COMMON_BLOCKS = YES;
				GCC_WARN_64_TO_32_BIT_CONVERSION = YES;
				GCC_WARN_ABOUT_RETURN_TYPE = YES_ERROR;
				GCC_WARN_UNDECLARED_SELECTOR = YES;
				GCC_WARN_UNINITIALIZED_AUTOS = YES_AGGRESSIVE;
				GCC_WARN_UNUSED_FUNCTION = YES;
				GCC_WARN_UNUSED_VARIABLE = YES;
				IPHONEOS_DEPLOYMENT_TARGET = 9.3;
				MTL_ENABLE_DEBUG_INFO = NO;
				SDKROOT = iphoneos;
				SWIFT_OPTIMIZATION_LEVEL = "-Owholemodule";
				VALIDATE_PRODUCT = YES;
			};
			name = Release;
		};
		2A90831D1CC7D38E0025B9CD /* Debug */ = {
			isa = XCBuildConfiguration;
			buildSettings = {
				ASSETCATALOG_COMPILER_APPICON_NAME = AppIcon;
				"CODE_SIGN_IDENTITY[sdk=iphoneos*]" = "";
				FRAMEWORK_SEARCH_PATHS = (
					"$(inherited)",
					"$(PROJECT_DIR)/Carthage/Build/iOS",
				);
				INFOPLIST_FILE = RxOperators/Info.plist;
				IPHONEOS_DEPLOYMENT_TARGET = 9.0;
				LD_RUNPATH_SEARCH_PATHS = "$(inherited) @executable_path/Frameworks";
				PRODUCT_BUNDLE_IDENTIFIER = yuzushio.RxOperators;
				PRODUCT_NAME = "$(TARGET_NAME)";
				SWIFT_VERSION = 3.0;
			};
			name = Debug;
		};
		2A90831E1CC7D38E0025B9CD /* Release */ = {
			isa = XCBuildConfiguration;
			buildSettings = {
				ASSETCATALOG_COMPILER_APPICON_NAME = AppIcon;
				"CODE_SIGN_IDENTITY[sdk=iphoneos*]" = "";
				FRAMEWORK_SEARCH_PATHS = (
					"$(inherited)",
					"$(PROJECT_DIR)/Carthage/Build/iOS",
				);
				INFOPLIST_FILE = RxOperators/Info.plist;
				IPHONEOS_DEPLOYMENT_TARGET = 9.0;
				LD_RUNPATH_SEARCH_PATHS = "$(inherited) @executable_path/Frameworks";
				PRODUCT_BUNDLE_IDENTIFIER = yuzushio.RxOperators;
				PRODUCT_NAME = "$(TARGET_NAME)";
				SWIFT_VERSION = 3.0;
			};
			name = Release;
		};
/* End XCBuildConfiguration section */

/* Begin XCConfigurationList section */
		2A9082EF1CC7D38E0025B9CD /* Build configuration list for PBXProject "RxOperators" */ = {
			isa = XCConfigurationList;
			buildConfigurations = (
				2A90831A1CC7D38E0025B9CD /* Debug */,
				2A90831B1CC7D38E0025B9CD /* Release */,
			);
			defaultConfigurationIsVisible = 0;
			defaultConfigurationName = Release;
		};
		2A90831C1CC7D38E0025B9CD /* Build configuration list for PBXNativeTarget "RxOperators" */ = {
			isa = XCConfigurationList;
			buildConfigurations = (
				2A90831D1CC7D38E0025B9CD /* Debug */,
				2A90831E1CC7D38E0025B9CD /* Release */,
			);
			defaultConfigurationIsVisible = 0;
			defaultConfigurationName = Release;
		};
/* End XCConfigurationList section */
	};
	rootObject = 2A9082EC1CC7D38E0025B9CD /* Project object */;
}
